PODS:
  - Charts (4.0.2):
    - Charts/Core (= 4.0.2)
  - Charts/Core (4.0.2):
    - SwiftAlgorithms (~> 1.0)
  - SwiftAlgorithms (1.0.0)
  - WARangeSlider (1.1.1)

DEPENDENCIES:
  - Charts
  - WARangeSlider

SPEC REPOS:
  trunk:
    - Charts
    - SwiftAlgorithms
    - WARangeSlider

SPEC CHECKSUMS:
  Charts: cfa4e911e6dc289582c2fe011a0e87c03d96727f
  SwiftAlgorithms: 38dda4731d19027fdeee1125f973111bf3386b53
  WARangeSlider: 54b3e0853b8d16c444fd539005901aecee86837d

PODFILE CHECKSUM: 52df5d7c5fe6521ba97be7bb62ef49bed4cc2f4d

COCOAPODS: 1.11.2
